
Microsoft Visual Studio Solution File, Format Version 12.00
# Visual Studio Version 17
VisualStudioVersion = 17.9.34701.34
MinimumVisualStudioVersion = 10.0.40219.1
Project("{FAE04EC0-301F-11D3-BF4B-00C04F79EFBC}") = "HamedStack.AspNetCore.Endpoint", "HamedStack.AspNetCore.Endpoint\HamedStack.AspNetCore.Endpoint.csproj", "{5F2CA62F-5F91-4A64-8523-4342D4B8D5CF}"
EndProject
Global
	GlobalSection(SolutionConfigurationPlatforms) = preSolution
		Debug|Any CPU = Debug|Any CPU
		Release|Any CPU = Release|Any CPU
	EndGlobalSection
	GlobalSection(ProjectConfigurationPlatforms) = postSolution
		{5F2CA62F-5F91-4A64-8523-4342D4B8D5CF}.Debug|Any CPU.ActiveCfg = Debug|Any CPU
		{5F2CA62F-5F91-4A64-8523-4342D4B8D5CF}.Debug|Any CPU.Build.0 = Debug|Any CPU
		{5F2CA62F-5F91-4A64-8523-4342D4B8D5CF}.Release|Any CPU.ActiveCfg = Release|Any CPU
		{5F2CA62F-5F91-4A64-8523-4342D4B8D5CF}.Release|Any CPU.Build.0 = Release|Any CPU
	EndGlobalSection
	GlobalSection(SolutionProperties) = preSolution
		HideSolutionNode = FALSE
	EndGlobalSection
	GlobalSection(ExtensibilityGlobals) = postSolution
		SolutionGuid = {36919737-C457-4FF1-80EC-50388B00519E}
	EndGlobalSection
EndGlobal
